
Microsoft Visual Studio Solution File, Format Version 12.00
# Visual Studio Version 16
VisualStudioVersion = 16.0.30523.141
MinimumVisualStudioVersion = 10.0.40219.1
Project("{FAE04EC0-301F-11D3-BF4B-00C04F79EFBC}") = "FundamentalBankingSystem", "FundamentalBankingSystem\FundamentalBankingSystem.csproj", "{F7CE183E-8A35-48E3-A3B8-4D2F01193EBB}"
EndProject
Project("{FAE04EC0-301F-11D3-BF4B-00C04F79EFBC}") = "FundamentalBankingSystem.Tests", "FundamentalBankingSystem.Tests\FundamentalBankingSystem.Tests.csproj", "{D4D49748-2FA2-477A-97CC-E33BD0FDE3D0}"
EndProject
Global
	GlobalSection(SolutionConfigurationPlatforms) = preSolution
		Debug|Any CPU = Debug|Any CPU
		Release|Any CPU = Release|Any CPU
	EndGlobalSection
	GlobalSection(ProjectConfigurationPlatforms) = postSolution
		{F7CE183E-8A35-48E3-A3B8-4D2F01193EBB}.Debug|Any CPU.ActiveCfg = Debug|Any CPU
		{F7CE183E-8A35-48E3-A3B8-4D2F01193EBB}.Debug|Any CPU.Build.0 = Debug|Any CPU
		{F7CE183E-8A35-48E3-A3B8-4D2F01193EBB}.Release|Any CPU.ActiveCfg = Release|Any CPU
		{F7CE183E-8A35-48E3-A3B8-4D2F01193EBB}.Release|Any CPU.Build.0 = Release|Any CPU
		{D4D49748-2FA2-477A-97CC-E33BD0FDE3D0}.Debug|Any CPU.ActiveCfg = Debug|Any CPU
		{D4D49748-2FA2-477A-97CC-E33BD0FDE3D0}.Debug|Any CPU.Build.0 = Debug|Any CPU
		{D4D49748-2FA2-477A-97CC-E33BD0FDE3D0}.Release|Any CPU.ActiveCfg = Release|Any CPU
		{D4D49748-2FA2-477A-97CC-E33BD0FDE3D0}.Release|Any CPU.Build.0 = Release|Any CPU
	EndGlobalSection
	GlobalSection(SolutionProperties) = preSolution
		HideSolutionNode = FALSE
	EndGlobalSection
	GlobalSection(ExtensibilityGlobals) = postSolution
		SolutionGuid = {4CC775E1-7484-4AC7-A157-B85FCE40BDB6}
	EndGlobalSection
EndGlobal
